[renv]
Version=0.4.0-20

[R]
Version=3.6.1
Repositories=
	CRAN=https://cran.rstudio.com

[R/Package/BH]
Package=BH
Version=1.69.0-1
Source=CRAN
Hash=cfad72c4156ccde689e24ed26010a931

[R/Package/DBI]
Package=DBI
Version=1.0.0
Source=CRAN
Hash=9e726304c3ccd2641ee1b0668a2a4b94

[R/Package/Formula]
Package=Formula
Version=1.2-3
Source=CRAN
Hash=587abf30af204d3c875be8c09668f094

[R/Package/ISLR]
Package=ISLR
Version=1.2
Source=CRAN
Hash=a30efa9bb8b2391970837efb3c278a39

[R/Package/KernSmooth]
Package=KernSmooth
Version=2.23-15
Source=CRAN
Hash=cbd323c8c5b089cea79861f5dd79ea35

[R/Package/MASS]
Package=MASS
Version=7.3-51.4
Source=CRAN
Hash=3f74d247b4ab8e3f0fd6c8655ba4ee09

[R/Package/Matrix]
Package=Matrix
Version=1.2-17
Source=CRAN
Hash=37c16af3f7da98c8f5da858855e13115

[R/Package/MatrixModels]
Package=MatrixModels
Version=0.4-1
Source=CRAN
Hash=53ee861dcc9cda6fdaa8c51a4bfd88fd

[R/Package/ModelMetrics]
Package=ModelMetrics
Version=1.2.2
Source=CRAN
Hash=702b0d86bbf157b771b1d25ee631216d

[R/Package/R6]
Package=R6
Version=2.4.0
Source=CRAN
Hash=4f39f15779e55cb06d47e0904b14522c

[R/Package/RColorBrewer]
Package=RColorBrewer
Version=1.1-2
Source=CRAN
Hash=c415f5010b2a1775dc6e3bd27f609666

[R/Package/Rcpp]
Package=Rcpp
Version=1.0.1
Source=CRAN
Hash=9c7023d9c0a2fb1fad5fc2e16283925e

[R/Package/RcppEigen]
Package=RcppEigen
Version=0.3.3.5.0
Source=CRAN
Hash=146537f94080d32802917506b40a7862

[R/Package/Rdpack]
Package=Rdpack
Version=0.11-0
Source=CRAN
Hash=3f93a4061909a3f10ef96492ecc4d751

[R/Package/SQUAREM]
Package=SQUAREM
Version=2017.10-1
Source=CRAN
Hash=8e56d54742c3c251e083f432cd8c395b

[R/Package/SparseM]
Package=SparseM
Version=1.77
Source=CRAN
Hash=b5ef191e5f72d525b7e3107da17f519b

[R/Package/abind]
Package=abind
Version=1.4-5
Source=CRAN
Hash=cb57d5d998d7d6d8dcd3f6a11af95fc2

[R/Package/askpass]
Package=askpass
Version=1.1
Source=CRAN
Hash=22d589bdbeb821c20dcff25ff641f6fb

[R/Package/assertthat]
Package=assertthat
Version=0.2.1
Source=CRAN
Hash=47c5d99ca6da06d75f480d96b9f96422

[R/Package/backports]
Package=backports
Version=1.1.4
Source=CRAN
Hash=f8cd17cda96337d3ca8d876d78df1db4

[R/Package/base64enc]
Package=base64enc
Version=0.1-3
Source=CRAN
Hash=98474bb1d2468b052cdf9c94abebc97f

[R/Package/bdsmatrix]
Package=bdsmatrix
Version=1.3-3
Source=CRAN
Hash=819e16023acf0d24b6f037180e7daded

[R/Package/bibtex]
Package=bibtex
Version=0.4.2
Source=CRAN
Hash=ce57a79be200c0ef9e8052188b15f889

[R/Package/boot]
Package=boot
Version=1.3-23
Source=CRAN
Hash=6a17564df3361e5bf44d62a2fb5b612c

[R/Package/broom]
Package=broom
Version=0.5.2
Source=CRAN
Hash=4d3320654f6e0fe0b4b1c339c507f5ae

[R/Package/callr]
Package=callr
Version=3.3.1
Source=CRAN
Hash=5d950bd10a2bbd2cfc93e16ddf0ba451

[R/Package/car]
Package=car
Version=3.0-3
Source=CRAN
Hash=405100deae92bf83a32be5cad2dfbfbe

[R/Package/carData]
Package=carData
Version=3.0-2
Source=CRAN
Hash=3d966484e78458c17e66e4d4439008f0

[R/Package/caret]
Package=caret
Version=6.0-84
Source=CRAN
Hash=1d503166e27a62af470adbd8deda7f15

[R/Package/cellranger]
Package=cellranger
Version=1.1.0
Source=CRAN
Hash=2dca890fda2e0910eeacb38a2c27af72

[R/Package/class]
Package=class
Version=7.3-15
Source=CRAN
Hash=0a15f04d424e4c25bc348f22c57657bb

[R/Package/cli]
Package=cli
Version=1.1.0
Source=CRAN
Hash=0b5e29bc7acf6175de5310f9f70ec216

[R/Package/cliapp]
Package=cliapp
Version=0.1.0
Source=CRAN
Hash=fc91fd7ccb09ab25f3c96ff7f0d2690e

[R/Package/clipr]
Package=clipr
Version=0.6.0
Source=CRAN
Hash=2d0cd4cc3da87e62fa17163096a19b4f

[R/Package/codetools]
Package=codetools
Version=0.2-16
Source=CRAN
Hash=c3ba04e2aa3a227aa4f3f6daf0ba7abf

[R/Package/colorout]
Package=colorout
Version=1.2-1
Source=GitHub
RemoteType=github
RemoteHost=api.github.com
RemoteRepo=colorout
RemoteUsername=jalvesaq
RemoteRef=master
RemoteSha=7ea9440ab7cfe1569272c022b9fb3a5da8e8a3ba
Hash=3f0f3955dbacd25f1bc52f26d8e7cc9c

[R/Package/colorspace]
Package=colorspace
Version=1.4-1
Source=CRAN
Hash=b0f7b0980ad3d9d240be0fffea1d238b

[R/Package/crayon]
Package=crayon
Version=1.3.4
Source=CRAN
Hash=f57126a0d24ca978ba32632bb3d26fe4

[R/Package/curl]
Package=curl
Version=3.3
Source=CRAN
Hash=7adc74912a44c348c6a1eda716a5d02d

[R/Package/data.table]
Package=data.table
Version=1.12.2
Source=CRAN
Hash=9877f56dda88827d0c0e24de3bee3d73

[R/Package/dbplyr]
Package=dbplyr
Version=1.4.2
Source=CRAN
Hash=49a0d7f120de761b3e98b7cbca6cf4c2

[R/Package/desc]
Package=desc
Version=1.2.0
Source=CRAN
Hash=cba2cb552675975f281c0c82593e5419

[R/Package/digest]
Package=digest
Version=0.6.20
Source=CRAN
Hash=8d00fdf173206e06a117174a11bba074

[R/Package/dplyr]
Package=dplyr
Version=0.8.3
Source=CRAN
Hash=ed47cd0dd5da9420900c6a71b8cb4caa

[R/Package/ellipsis]
Package=ellipsis
Version=0.2.0.1
Source=CRAN
Hash=a8328e48dc8f61e8e5da18d46ecd54e2

[R/Package/evaluate]
Package=evaluate
Version=0.14
Source=CRAN
Hash=a55f044b6c5ca0f626e5ddcea5482c58

[R/Package/fansi]
Package=fansi
Version=0.4.0
Source=CRAN
Hash=a7730510208607abde04cfe3808e78e0

[R/Package/filelock]
Package=filelock
Version=1.0.2
Source=CRAN
Hash=52c4058af6b2ec93e094347a9d7e7ebe

[R/Package/forcats]
Package=forcats
Version=0.4.0
Source=CRAN
Hash=bca530c76aabd907fa2a83d21a02db81

[R/Package/foreach]
Package=foreach
Version=1.4.4
Source=CRAN
Hash=dbf7619e27fb08d45eda81527dbe60a6

[R/Package/foreign]
Package=foreign
Version=0.8-71
Source=CRAN
Hash=6b3b645baf118e30d75bc6d6dcf0b423

[R/Package/fs]
Package=fs
Version=1.3.1
Source=CRAN
Hash=8373de9bc63e2090ae6f1a0dcbc85cd0

[R/Package/gam]
Package=gam
Version=1.16.1
Source=CRAN
Hash=284b22f8990a957e5d84f6db22a66dc8

[R/Package/gbRd]
Package=gbRd
Version=0.4-11
Source=CRAN
Hash=2ba85b96cc36b10e1b4f7f49fa216053

[R/Package/generics]
Package=generics
Version=0.0.2
Source=CRAN
Hash=c8e7c83af79d6b104067cfbc27fd5191

[R/Package/ggplot2]
Package=ggplot2
Version=3.2.0
Source=CRAN
Hash=98223d80bc61686f2c163d8756e9b38c

[R/Package/glmnet]
Package=glmnet
Version=2.0-18
Source=CRAN
Hash=272089b635a799f001f28aa5be25a24a

[R/Package/glue]
Package=glue
Version=1.3.1
Source=CRAN
Hash=50f8d48c8ebbfc4b68e55bd8bb5516ca

[R/Package/gower]
Package=gower
Version=0.2.1
Source=CRAN
Hash=df6d68ebe4c845cdc2705cb2e26455fc

[R/Package/gtable]
Package=gtable
Version=0.3.0
Source=CRAN
Hash=1139982677066ce2ec7c8d6d12f89e3d

[R/Package/haven]
Package=haven
Version=2.1.1
Source=CRAN
Hash=c5b30086751e4f9470e09673340a39db

[R/Package/highr]
Package=highr
Version=0.8
Source=CRAN
Hash=e55de296dfdda8215e0c3fa0f4c6b84f

[R/Package/hms]
Package=hms
Version=0.5.0
Source=CRAN
Hash=6ccbeef4ef4ecce77e8009568eac5148

[R/Package/htmltools]
Package=htmltools
Version=0.3.6
Source=CRAN
Hash=acbf3a50732562af0ff1fbf1050da7ee

[R/Package/httr]
Package=httr
Version=1.4.0
Source=CRAN
Hash=ac878be52f9a4a40236b4a6102c473e6

[R/Package/ipred]
Package=ipred
Version=0.9-9
Source=CRAN
Hash=bb989bdefac4da0470ce5541074f4856

[R/Package/iterators]
Package=iterators
Version=1.0.10
Source=CRAN
Hash=820915a2891e5350f6e3d7dc98f6489f

[R/Package/jsonlite]
Package=jsonlite
Version=1.6
Source=CRAN
Hash=1527c6ad6c00ff3f0d0a02b01650fd87

[R/Package/knitr]
Package=knitr
Version=1.23
Source=CRAN
Hash=efb0e634b9a7c0c6a6b822430aed35ad

[R/Package/labeling]
Package=labeling
Version=0.3
Source=CRAN
Hash=ffa597ca526ba3020eb878a4bc1cb8ab

[R/Package/lattice]
Package=lattice
Version=0.20-38
Source=CRAN
Hash=0251b49e8f0cc1f8fb68e587c519bae8

[R/Package/lava]
Package=lava
Version=1.6.5
Source=CRAN
Hash=a38f795f1fc3d872aee8b0e922f11fb8

[R/Package/lazyeval]
Package=lazyeval
Version=0.2.2
Source=CRAN
Hash=c11c47f14490dbed7013c37a1a217cc1

[R/Package/leaps]
Package=leaps
Version=3.0
Source=CRAN
Hash=559ef1e3b44b6047a1ac294ccdf52301

[R/Package/lme4]
Package=lme4
Version=1.1-21
Source=CRAN
Hash=b9ff4658bcaccb4a4c7edb9264fbf107

[R/Package/lmtest]
Package=lmtest
Version=0.9-37
Source=CRAN
Hash=75fb4f9ef0d7cc44df84055c2974aba9

[R/Package/lpSolve]
Package=lpSolve
Version=5.6.13.1
Source=CRAN
Hash=c78f411ac50a8ecf2a388710d0aca6fc

[R/Package/lubridate]
Package=lubridate
Version=1.7.4
Source=CRAN
Hash=ecc440cf76cdf90c0c34de6e0a0267fb

[R/Package/magrittr]
Package=magrittr
Version=1.5
Source=CRAN
Hash=c079d05aaae9556f4dbeea615a764871

[R/Package/maptools]
Package=maptools
Version=0.9-5
Source=CRAN
Hash=dd5782b9eca7b9eab7e840dfc496a1f2

[R/Package/markdown]
Package=markdown
Version=1.0
Source=CRAN
Hash=df98b6f344f9a72d67863dccdde3d95b

[R/Package/maxLik]
Package=maxLik
Version=1.3-6
Source=CRAN
Hash=85d8303f9beb1b872073c646ba306b01

[R/Package/mgcv]
Package=mgcv
Version=1.8-28
Source=CRAN
Hash=546b79187d2ce2b5255451684b97dcc4

[R/Package/microbenchmark]
Package=microbenchmark
Version=1.4-6
Source=CRAN
Hash=a8dabe337d06ae0e591840543360f47b

[R/Package/mime]
Package=mime
Version=0.7
Source=CRAN
Hash=e1d17e6e0d960a206a93670a75d1ef4d

[R/Package/minqa]
Package=minqa
Version=1.2.4
Source=CRAN
Hash=b0395d2a1a6786159086284cea759a8d

[R/Package/miscTools]
Package=miscTools
Version=0.6-22
Source=CRAN
Hash=f8e5a1eab4cccba75dfd6ea7374b893e

[R/Package/modelr]
Package=modelr
Version=0.1.4
Source=CRAN
Hash=4c44dc2a7c22d337b2fe27867388dec5

[R/Package/munsell]
Package=munsell
Version=0.5.0
Source=CRAN
Hash=d2e295adcf750acbd8a6afd5e15a9c1b

[R/Package/nlme]
Package=nlme
Version=3.1-140
Source=CRAN
Hash=cb57bbb144249803002835a8edb3fe64

[R/Package/nloptr]
Package=nloptr
Version=1.2.1
Source=CRAN
Hash=8941e2295d3316e19095f2cfe9c04421

[R/Package/nnet]
Package=nnet
Version=7.3-12
Source=CRAN
Hash=b5c5b7ecc881b4b4c3ac67ac359426bf

[R/Package/numDeriv]
Package=numDeriv
Version=2016.8-1.1
Source=CRAN
Hash=241ae40a7db6075ddd4c835dc3ef688f

[R/Package/openssl]
Package=openssl
Version=1.4.1
Source=CRAN
Hash=0fe29a202c1f856ad4ef0fe4cecf1ee1

[R/Package/openxlsx]
Package=openxlsx
Version=4.1.0.1
Source=CRAN
Hash=dd8927081736200a76bc8f4772b0dee3

[R/Package/pak]
Package=pak
Version=0.1.2
Source=CRAN
Hash=dcfa49d927a8daefaeaa73bddcca9d59

[R/Package/pbkrtest]
Package=pbkrtest
Version=0.4-7
Source=CRAN
Hash=9535aec053cc237ae911d80fff201ba3

[R/Package/pillar]
Package=pillar
Version=1.4.2
Source=CRAN
Hash=13b516d104d14399a5853d9031ed0ea0

[R/Package/pkgbuild]
Package=pkgbuild
Version=1.0.3
Source=CRAN
Hash=de1dac7e9b46ba778e34375f13c2bee1

[R/Package/pkgcache]
Package=pkgcache
Version=1.0.5
Source=CRAN
Hash=3b954ecddd648b8e95ff2d1815f8182d

[R/Package/pkgconfig]
Package=pkgconfig
Version=2.0.2
Source=CRAN
Hash=429340caafe5e22eb0fcf89cd170b4db

[R/Package/plm]
Package=plm
Version=2.0-2
Source=CRAN
Hash=d9335bfa12b48e528b57fc86b1724d00

[R/Package/pln]
Package=pln
Version=0.2-1
Source=CRAN
Hash=e13a09ab0cc03d460c22d5e2f1bfa1c3

[R/Package/plogr]
Package=plogr
Version=0.2.0
Source=CRAN
Hash=e33de17b3d41d70c32e716536104d3fb

[R/Package/pls]
Package=pls
Version=2.7-1
Source=CRAN
Hash=4324beb0bd9dac4a45f8e09d3a977ddd

[R/Package/plyr]
Package=plyr
Version=1.8.4
Source=CRAN
Hash=10741ef740846fb36358ef97a1e165b6

[R/Package/prettycode]
Package=prettycode
Version=1.0.2
Source=CRAN
Hash=ccb66b06819faa37f812717d23aee85c

[R/Package/prettyunits]
Package=prettyunits
Version=1.0.2
Source=CRAN
Hash=0acfa2bf224e49369bde27b7523aa660

[R/Package/processx]
Package=processx
Version=3.4.1
Source=CRAN
Hash=1a6722e11ad677745dcce529f39d244f

[R/Package/prodlim]
Package=prodlim
Version=2018.04.18
Source=CRAN
Hash=95b3ffba4852d3a15611089074ee1496

[R/Package/progress]
Package=progress
Version=1.2.2
Source=CRAN
Hash=94ceabeec671b0e1df09992868867edd

[R/Package/ps]
Package=ps
Version=1.3.0
Source=CRAN
Hash=de3a0d78967f03b53b01e75956096c55

[R/Package/purrr]
Package=purrr
Version=0.3.2
Source=CRAN
Hash=ac87472161cfd12559f2c9fcd66813d0

[R/Package/quantreg]
Package=quantreg
Version=5.42
Source=CRAN
Hash=2172c3a35126fcc6ed73f89dcb8156bd

[R/Package/rappdirs]
Package=rappdirs
Version=0.3.1
Source=CRAN
Hash=68edfef8a0f650dcaa2f97426b9e5139

[R/Package/readr]
Package=readr
Version=1.3.1
Source=CRAN
Hash=688155c84a00243455f69ba3ca8aecea

[R/Package/readxl]
Package=readxl
Version=1.3.1
Source=CRAN
Hash=d191cfd37ac5d1b04eec8ef5ebbcc66c

[R/Package/recipes]
Package=recipes
Version=0.1.6
Source=CRAN
Hash=4d0593d5ae985f15506623dc52f8d639

[R/Package/rematch]
Package=rematch
Version=1.0.1
Source=CRAN
Hash=68b96cf0beeb56d18fec3b831f7b754f

[R/Package/rematch2]
Package=rematch2
Version=2.1.0
Source=CRAN
Hash=e3085f0d4cd39e9f14b6d3143051ddef

[R/Package/remotes]
Package=remotes
Version=2.1.0
Source=CRAN
Hash=9dcdd843e48040e789ac29c377f96809

[R/Package/reprex]
Package=reprex
Version=0.3.0
Source=CRAN
Hash=c104282370cf54b962b052939bb52efd

[R/Package/reshape2]
Package=reshape2
Version=1.4.3
Source=CRAN
Hash=036286e358984519ef02581be2bd92b8

[R/Package/rio]
Package=rio
Version=0.5.16
Source=CRAN
Hash=a057bc67eaa4d74881cc6276ca217a30

[R/Package/rlang]
Package=rlang
Version=0.4.0
Source=CRAN
Hash=5ca99878f8172dc93d591c3fd56d1aee

[R/Package/rmarkdown]
Package=rmarkdown
Version=1.14
Source=CRAN
Hash=ad36a41b359c444aac03dea3c80bd619

[R/Package/rpart]
Package=rpart
Version=4.1-15
Source=CRAN
Hash=1a193befff417ecda456c99c54baafd2

[R/Package/rprojroot]
Package=rprojroot
Version=1.3-2
Source=CRAN
Hash=5dab1586df445d01064bd602a4ef28dd

[R/Package/rstudioapi]
Package=rstudioapi
Version=0.10
Source=CRAN
Hash=0a9a57ac8bc27cafe9a3904deb2e267b

[R/Package/rvest]
Package=rvest
Version=0.3.4
Source=CRAN
Hash=5a4be171aa15de640120e6bb221c4bca

[R/Package/sandwich]
Package=sandwich
Version=2.5-1
Source=CRAN
Hash=f7a1ab96726fb968cc476f07ba27bc37

[R/Package/scales]
Package=scales
Version=1.0.0
Source=CRAN
Hash=4d8cef1c0d1d19b34469542ee0396904

[R/Package/selectr]
Package=selectr
Version=0.4-1
Source=CRAN
Hash=1fb5dfb3e338005d14339d1f89fbc15c

[R/Package/sp]
Package=sp
Version=1.3-1
Source=CRAN
Hash=906135c810c46dd0c6488d2a6b5bc8c6

[R/Package/stringi]
Package=stringi
Version=1.4.3
Source=CRAN
Hash=196830ccb8e4ff492b37062d19c3c9b1

[R/Package/stringr]
Package=stringr
Version=1.4.0
Source=CRAN
Hash=568b942ad8065463d9beb45c212e4089

[R/Package/survival]
Package=survival
Version=2.44-1.1
Source=CRAN
Hash=21f6ff555d096e5a2e11a4434ad1a41c

[R/Package/sys]
Package=sys
Version=3.2
Source=CRAN
Hash=0c43bba658518eeb02b857c8e82de3ee

[R/Package/tibble]
Package=tibble
Version=2.1.3
Source=CRAN
Hash=3567fcd850473b5f181da50fac258fb9

[R/Package/tictoc]
Package=tictoc
Version=1.0
Source=CRAN
Hash=6f0a1371ec414cefb5b5ee2d9739d5ae

[R/Package/tidyr]
Package=tidyr
Version=0.8.3
Source=CRAN
Hash=fe1b84e373695dd4d335e5a5ede382a7

[R/Package/tidyselect]
Package=tidyselect
Version=0.2.5
Source=CRAN
Hash=cb4e7e81a360b877572804e9a6311375

[R/Package/tidyverse]
Package=tidyverse
Version=1.2.1
Source=CRAN
Hash=56192e1153cfe220a3213a1c2bd8a531

[R/Package/timeDate]
Package=timeDate
Version=3043.102
Source=CRAN
Hash=ba674bf9c35f8e845917eeb0c840fa4a

[R/Package/tinytex]
Package=tinytex
Version=0.14
Source=CRAN
Hash=ee2046e069bec9ee44f5de3c1d6dae63

[R/Package/utf8]
Package=utf8
Version=1.1.4
Source=CRAN
Hash=dbacd54ef408a11a83b9c0558d897970

[R/Package/uuid]
Package=uuid
Version=0.1-2
Source=CRAN
Hash=883e1e4f491909bad904726d3cf55936

[R/Package/vctrs]
Package=vctrs
Version=0.2.0
Source=CRAN
Hash=7580bbbfbc822a6ae37db45c91aeaaa5

[R/Package/viridisLite]
Package=viridisLite
Version=0.3.0
Source=CRAN
Hash=5045453f21c0128c65c2a10c776b3e47

[R/Package/whisker]
Package=whisker
Version=0.3-2
Source=CRAN
Hash=4dbd79a7e9b8e2593c1402d68c9ee682

[R/Package/withr]
Package=withr
Version=2.1.2
Source=CRAN
Hash=f421b98d10f48cf6a719e585facc54a8

[R/Package/xfun]
Package=xfun
Version=0.8
Source=CRAN
Hash=1def9ced7cad0959be26ef51f718e501

[R/Package/xml2]
Package=xml2
Version=1.2.0
Source=CRAN
Hash=2cef311d8568a50184e12814c95c22bf

[R/Package/yaml]
Package=yaml
Version=2.2.0
Source=CRAN
Hash=1cf8dfe48ca1f014d5bdad603950c414

[R/Package/zeallot]
Package=zeallot
Version=0.1.0
Source=CRAN
Hash=c73fb5ce649cdea435146265a0886df8

[R/Package/zip]
Package=zip
Version=2.0.3
Source=CRAN
Hash=fe7a46ce46168e252bad2b5dec5c34f8

[R/Package/zoo]
Package=zoo
Version=1.8-6
Source=CRAN
Hash=fc7fbb5f296d526ee8bc499a91565458

