[renv]
Version=0.4.0-20

[R]
Version=3.6.1
Repositories=
	CRAN=https://cran.rstudio.com/

[R/Package/BH]
Package=BH
Version=1.69.0-1
Source=CRAN
Hash=cfad72c4156ccde689e24ed26010a931

[R/Package/DBI]
Package=DBI
Version=1.0.0
Source=CRAN
Hash=47c6631d0f98c2582ad761e4993ba9b5

[R/Package/DEoptimR]
Package=DEoptimR
Version=1.0-8
Source=CRAN
Hash=96b7633aa0b16767339bc5aa755938ce

[R/Package/DT]
Package=DT
Version=0.8
Source=CRAN
Hash=cac320486b92e02136ed9b78f712979d

[R/Package/Formula]
Package=Formula
Version=1.2-3
Source=CRAN
Hash=587abf30af204d3c875be8c09668f094

[R/Package/ISLR]
Package=ISLR
Version=1.2
Source=CRAN
Hash=a30efa9bb8b2391970837efb3c278a39

[R/Package/KernSmooth]
Package=KernSmooth
Version=2.23-15
Source=CRAN
Hash=cbd323c8c5b089cea79861f5dd79ea35

[R/Package/MASS]
Package=MASS
Version=7.3-51.4
Source=CRAN
Hash=3f74d247b4ab8e3f0fd6c8655ba4ee09

[R/Package/Matrix]
Package=Matrix
Version=1.2-17
Source=CRAN
Hash=5fcbf894490760a99057e72a0df0fe8d

[R/Package/ModelMetrics]
Package=ModelMetrics
Version=1.2.2
Source=CRAN
Hash=702b0d86bbf157b771b1d25ee631216d

[R/Package/R6]
Package=R6
Version=2.4.0
Source=CRAN
Hash=4f39f15779e55cb06d47e0904b14522c

[R/Package/RColorBrewer]
Package=RColorBrewer
Version=1.1-2
Source=CRAN
Hash=c415f5010b2a1775dc6e3bd27f609666

[R/Package/Rcpp]
Package=Rcpp
Version=1.0.2
Source=CRAN
Hash=e9c01eba8e803454af999b9a0948ad48

[R/Package/Rdpack]
Package=Rdpack
Version=0.11-0
Source=CRAN
Hash=3f93a4061909a3f10ef96492ecc4d751

[R/Package/RefManageR]
Package=RefManageR
Version=1.2.12
Source=CRAN
Hash=525b2d4120976bae75ed029cf5a39adf

[R/Package/SQUAREM]
Package=SQUAREM
Version=2017.10-1
Source=CRAN
Hash=8e56d54742c3c251e083f432cd8c395b

[R/Package/TeachingDemos]
Package=TeachingDemos
Version=2.10
Source=CRAN
Hash=bc9d75b52cc8aa628f1eb80bf7f0cf39

[R/Package/askpass]
Package=askpass
Version=1.1
Source=CRAN
Hash=22d589bdbeb821c20dcff25ff641f6fb

[R/Package/assertthat]
Package=assertthat
Version=0.2.1
Source=CRAN
Hash=47c5d99ca6da06d75f480d96b9f96422

[R/Package/backports]
Package=backports
Version=1.1.4
Source=CRAN
Hash=f8cd17cda96337d3ca8d876d78df1db4

[R/Package/base64enc]
Package=base64enc
Version=0.1-3
Source=CRAN
Hash=98474bb1d2468b052cdf9c94abebc97f

[R/Package/bdsmatrix]
Package=bdsmatrix
Version=1.3-3
Source=CRAN
Hash=819e16023acf0d24b6f037180e7daded

[R/Package/bibtex]
Package=bibtex
Version=0.4.2
Source=CRAN
Hash=ce57a79be200c0ef9e8052188b15f889

[R/Package/bitops]
Package=bitops
Version=1.0-6
Source=CRAN
Hash=6de632bfd4d47e0f1e7969e2a0f6a914

[R/Package/brew]
Package=brew
Version=1.0-6
Source=CRAN
Hash=ca6dd872a81a7063dd6a77acf7a12d9b

[R/Package/broom]
Package=broom
Version=0.5.2
Source=CRAN
Hash=4d3320654f6e0fe0b4b1c339c507f5ae

[R/Package/caTools]
Package=caTools
Version=1.17.1.2
Source=CRAN
Hash=7934aafb5824a02cf9f2750fd1923627

[R/Package/callr]
Package=callr
Version=3.3.1
Source=CRAN
Hash=6d96e4d63e29bb82d9de5b6c313ec2f9

[R/Package/caret]
Package=caret
Version=6.0-84
Source=CRAN
Hash=1d503166e27a62af470adbd8deda7f15

[R/Package/cellranger]
Package=cellranger
Version=1.1.0
Source=CRAN
Hash=2dca890fda2e0910eeacb38a2c27af72

[R/Package/checkmate]
Package=checkmate
Version=1.9.4
Source=CRAN
Hash=c4cf2b51b5b4d40ff3b4c4a9ea58cd50

[R/Package/class]
Package=class
Version=7.3-15
Source=CRAN
Hash=0a15f04d424e4c25bc348f22c57657bb

[R/Package/cli]
Package=cli
Version=1.1.0
Source=CRAN
Hash=82644afba0ff56a08730bc4fc1e6448f

[R/Package/clipr]
Package=clipr
Version=0.7.0
Source=CRAN
Hash=25a0f4708d204469f7f2b7dd7ff147b4

[R/Package/clisymbols]
Package=clisymbols
Version=1.2.0
Source=CRAN
Hash=cac06d1dbd7d362670fbc95c1cbe5afe

[R/Package/codetools]
Package=codetools
Version=0.2-16
Source=CRAN
Hash=c3ba04e2aa3a227aa4f3f6daf0ba7abf

[R/Package/colorspace]
Package=colorspace
Version=1.4-1
Source=CRAN
Hash=b0f7b0980ad3d9d240be0fffea1d238b

[R/Package/commonmark]
Package=commonmark
Version=1.7
Source=CRAN
Hash=6aba1333d065559b07a73414115a8218

[R/Package/crayon]
Package=crayon
Version=1.3.4
Source=CRAN
Hash=900c1d2c8e4c61b6a1814331ec34e19a

[R/Package/crosstalk]
Package=crosstalk
Version=1.0.0
Source=CRAN
Hash=b3cd6106dd84e002933f471850fdb107

[R/Package/curl]
Package=curl
Version=4.0
Source=CRAN
Hash=596cf2332339d15d052376b237625b87

[R/Package/cvTools]
Package=cvTools
Version=0.3.2
Source=CRAN
Hash=348247fb31c60c31ce55ba9ebda2b403

[R/Package/data.table]
Package=data.table
Version=1.12.2
Source=CRAN
Hash=9877f56dda88827d0c0e24de3bee3d73

[R/Package/dbplyr]
Package=dbplyr
Version=1.4.2
Source=CRAN
Hash=49a0d7f120de761b3e98b7cbca6cf4c2

[R/Package/desc]
Package=desc
Version=1.2.0
Source=CRAN
Hash=6a3b8ecf683b3ba841991635c7dc39cb

[R/Package/devtools]
Package=devtools
Version=2.1.0
Source=CRAN
Hash=c49ec6021acf3e1b5c4d2c54001da750

[R/Package/digest]
Package=digest
Version=0.6.20
Source=CRAN
Hash=8d00fdf173206e06a117174a11bba074

[R/Package/doParallel]
Package=doParallel
Version=1.0.15
Source=CRAN
Hash=eaf3aeef5c8ebdbcb88b7727874c7f83

[R/Package/doSNOW]
Package=doSNOW
Version=1.0.18
Source=CRAN
Hash=4083d105e4096fbd99a0268b72968ada

[R/Package/dplyr]
Package=dplyr
Version=0.8.3
Source=CRAN
Hash=55724dcfa412564a0feb53075cc62324

[R/Package/edarf]
Package=edarf
Version=1.1.1
Source=CRAN
Hash=8cf2958b0eb8b4c21a48859093178c8b

[R/Package/ellipsis]
Package=ellipsis
Version=0.2.0.1
Source=CRAN
Hash=a8328e48dc8f61e8e5da18d46ecd54e2

[R/Package/evaluate]
Package=evaluate
Version=0.14
Source=CRAN
Hash=334a5c1c76a6dd07e7f14c521bedbf94

[R/Package/fansi]
Package=fansi
Version=0.4.0
Source=CRAN
Hash=a7730510208607abde04cfe3808e78e0

[R/Package/fontawesome]
Package=fontawesome
Version=0.1.0
Source=GitHub
RemoteType=github
RemoteHost=api.github.com
RemoteRepo=fontawesome
RemoteUsername=berrij
RemoteRef=master
RemoteSha=d3cb7672db35d710727e69d74caa2ca26626ef79
Hash=87cc18fdec0fe31ed78ec4c1d383a234

[R/Package/forcats]
Package=forcats
Version=0.4.0
Source=CRAN
Hash=bca530c76aabd907fa2a83d21a02db81

[R/Package/foreach]
Package=foreach
Version=1.4.7
Source=CRAN
Hash=0dfc72688f0d53a4a418b7db228f5b66

[R/Package/formattable]
Package=formattable
Version=0.2.0.1
Source=CRAN
Hash=e8a8d879a88742de9bf205884b260e76

[R/Package/fs]
Package=fs
Version=1.3.1
Source=CRAN
Hash=8373de9bc63e2090ae6f1a0dcbc85cd0

[R/Package/gbRd]
Package=gbRd
Version=0.4-11
Source=CRAN
Hash=2ba85b96cc36b10e1b4f7f49fa216053

[R/Package/gbm]
Package=gbm
Version=2.1.5
Source=CRAN
Hash=5f2b0d61268aef1d68abfb480d6837ad

[R/Package/generics]
Package=generics
Version=0.0.2
Source=CRAN
Hash=c8e7c83af79d6b104067cfbc27fd5191

[R/Package/ggbiplot]
Package=ggbiplot
Version=0.55
Source=GitHub
RemoteType=github
RemoteHost=api.github.com
RemoteRepo=ggbiplot
RemoteUsername=vqv
RemoteRef=master
RemoteSha=7325e880485bea4c07465a0304c470608fffb5d9
Hash=7af2a0ba2cce552dc839db76cbf2998f

[R/Package/ggfittext]
Package=ggfittext
Version=0.8.1
Source=CRAN
Hash=efa792c5f60f15ae77d5cd7654b47fe8

[R/Package/ggplot2]
Package=ggplot2
Version=3.2.0
Source=CRAN
Hash=98223d80bc61686f2c163d8756e9b38c

[R/Package/ggthemr]
Package=ggthemr
Version=1.1.0
Source=GitHub
RemoteType=github
RemoteHost=api.github.com
RemoteRepo=ggthemr
RemoteUsername=cttobin
RemoteRef=master
RemoteSha=10eb50a78047e1eb0b9517004f9f7fc34702f539
Hash=9ff0f043be48ad96770cd9467f3bb6c2

[R/Package/gh]
Package=gh
Version=1.0.1
Source=CRAN
Hash=31f3051488a4a3fca6098f2369f526b9

[R/Package/git2r]
Package=git2r
Version=0.26.1
Source=CRAN
Hash=c349d10f28b33496b0334f6f2ad1fa16

[R/Package/glmnet]
Package=glmnet
Version=2.0-18
Source=CRAN
Hash=272089b635a799f001f28aa5be25a24a

[R/Package/glue]
Package=glue
Version=1.3.1
Source=CRAN
Hash=50f8d48c8ebbfc4b68e55bd8bb5516ca

[R/Package/googleVis]
Package=googleVis
Version=0.6.4
Source=CRAN
Hash=7e3d9967ed3eff5a3ced975afae50582

[R/Package/gower]
Package=gower
Version=0.2.1
Source=CRAN
Hash=df6d68ebe4c845cdc2705cb2e26455fc

[R/Package/gridExtra]
Package=gridExtra
Version=2.3
Source=CRAN
Hash=c3eb9f7194fdc98e2c1fd1f12639e37b

[R/Package/gtable]
Package=gtable
Version=0.3.0
Source=CRAN
Hash=1139982677066ce2ec7c8d6d12f89e3d

[R/Package/haven]
Package=haven
Version=2.1.1
Source=CRAN
Hash=c5b30086751e4f9470e09673340a39db

[R/Package/hexbin]
Package=hexbin
Version=1.27.3
Source=CRAN
Hash=90ace0b1d10e7e8b5337a17fad2f8c10

[R/Package/highr]
Package=highr
Version=0.8
Source=CRAN
Hash=e55de296dfdda8215e0c3fa0f4c6b84f

[R/Package/hms]
Package=hms
Version=0.5.0
Source=CRAN
Hash=2ffc5ae69f630ae2efbd1ebe08e6da14

[R/Package/htmltools]
Package=htmltools
Version=0.3.6
Source=CRAN
Hash=acbf3a50732562af0ff1fbf1050da7ee

[R/Package/htmlwidgets]
Package=htmlwidgets
Version=1.3
Source=CRAN
Hash=b192d556875bab99bc3286e88c44e017

[R/Package/httpuv]
Package=httpuv
Version=1.5.1
Source=CRAN
Hash=6a37a3704685cc172c9b1737b45ec5a0

[R/Package/httr]
Package=httr
Version=1.4.1
Source=CRAN
Hash=524ea2734a5f440fbdf2195156ae9170

[R/Package/icon]
Package=icon
Version=0.1.0
Source=GitHub
RemoteType=github
RemoteHost=api.github.com
RemoteRepo=icon
RemoteUsername=ropenscilabs
RemoteRef=master
RemoteSha=a510f88a8741a41e8966ac044ecd2924528ecb3b
Hash=4004dfe0a61c623aaab916c223dedb00

[R/Package/ini]
Package=ini
Version=0.3.1
Source=CRAN
Hash=f042164d195b26c2f09cba4b30b35389

[R/Package/inspectdf]
Package=inspectdf
Version=0.0.4
Source=CRAN
Hash=d34cd4631ed1af889b3f32b01c1d1a7a

[R/Package/ipred]
Package=ipred
Version=0.9-9
Source=CRAN
Hash=bb989bdefac4da0470ce5541074f4856

[R/Package/iterators]
Package=iterators
Version=1.0.12
Source=CRAN
Hash=385b95db8e34263198787a00c6a011e2

[R/Package/jsonlite]
Package=jsonlite
Version=1.6
Source=CRAN
Hash=1527c6ad6c00ff3f0d0a02b01650fd87

[R/Package/kableExtra]
Package=kableExtra
Version=1.1.0
Source=CRAN
Hash=17c23010f71f3030c4eb9506b9062777

[R/Package/knitr]
Package=knitr
Version=1.24
Source=CRAN
Hash=eea9d5b207d87d2c98567ffc51a1016e

[R/Package/labeling]
Package=labeling
Version=0.3
Source=CRAN
Hash=ffa597ca526ba3020eb878a4bc1cb8ab

[R/Package/later]
Package=later
Version=0.8.0
Source=CRAN
Hash=02c8a11f26574c59f675a8329104af59

[R/Package/lattice]
Package=lattice
Version=0.20-38
Source=CRAN
Hash=0251b49e8f0cc1f8fb68e587c519bae8

[R/Package/lava]
Package=lava
Version=1.6.6
Source=CRAN
Hash=c9ddef3a1a7ee43bdc079a7440f32d48

[R/Package/lazyeval]
Package=lazyeval
Version=0.2.2
Source=CRAN
Hash=c11c47f14490dbed7013c37a1a217cc1

[R/Package/leaps]
Package=leaps
Version=3.0
Source=CRAN
Hash=559ef1e3b44b6047a1ac294ccdf52301

[R/Package/lmtest]
Package=lmtest
Version=0.9-37
Source=CRAN
Hash=75fb4f9ef0d7cc44df84055c2974aba9

[R/Package/lubridate]
Package=lubridate
Version=1.7.4
Source=CRAN
Hash=ecc440cf76cdf90c0c34de6e0a0267fb

[R/Package/magick]
Package=magick
Version=2.1
Source=CRAN
Hash=54099c87e869dd5eb4a44646ed2e1df3

[R/Package/magrittr]
Package=magrittr
Version=1.5
Source=CRAN
Hash=c079d05aaae9556f4dbeea615a764871

[R/Package/markdown]
Package=markdown
Version=1.0
Source=CRAN
Hash=df98b6f344f9a72d67863dccdde3d95b

[R/Package/maxLik]
Package=maxLik
Version=1.3-6
Source=CRAN
Hash=85d8303f9beb1b872073c646ba306b01

[R/Package/memoise]
Package=memoise
Version=1.1.0
Source=CRAN
Hash=833e2af3770d73b99866aca40b4c4a09

[R/Package/mgcv]
Package=mgcv
Version=1.8-28
Source=CRAN
Hash=546b79187d2ce2b5255451684b97dcc4

[R/Package/mime]
Package=mime
Version=0.7
Source=CRAN
Hash=e1d17e6e0d960a206a93670a75d1ef4d

[R/Package/miniUI]
Package=miniUI
Version=0.1.1.1
Source=CRAN
Hash=7bafc7ab8a643d9059a2d253f926be6a

[R/Package/misc3d]
Package=misc3d
Version=0.8-4
Source=CRAN
Hash=368e18fdca5af03f054d3cc7e674c4d9

[R/Package/miscTools]
Package=miscTools
Version=0.6-22
Source=CRAN
Hash=f8e5a1eab4cccba75dfd6ea7374b893e

[R/Package/mlbench]
Package=mlbench
Version=2.1-1
Source=CRAN
Hash=b203184a866aec84fc507e57bb6c245b

[R/Package/mmpf]
Package=mmpf
Version=0.0.5
Source=CRAN
Hash=d998bdc850f4446929f2e84a1dd1fc5d

[R/Package/modelr]
Package=modelr
Version=0.1.4
Source=CRAN
Hash=4c44dc2a7c22d337b2fe27867388dec5

[R/Package/munsell]
Package=munsell
Version=0.5.0
Source=CRAN
Hash=d2e295adcf750acbd8a6afd5e15a9c1b

[R/Package/nlme]
Package=nlme
Version=3.1-141
Source=CRAN
Hash=c213c54af4b57dba36fcd8d8d875bbd6

[R/Package/nnet]
Package=nnet
Version=7.3-12
Source=CRAN
Hash=b5c5b7ecc881b4b4c3ac67ac359426bf

[R/Package/numDeriv]
Package=numDeriv
Version=2016.8-1.1
Source=CRAN
Hash=241ae40a7db6075ddd4c835dc3ef688f

[R/Package/openssl]
Package=openssl
Version=1.4.1
Source=CRAN
Hash=0fe29a202c1f856ad4ef0fe4cecf1ee1

[R/Package/pillar]
Package=pillar
Version=1.4.2
Source=CRAN
Hash=80d354371127949c1b34cc8ec998ed06

[R/Package/pkgbuild]
Package=pkgbuild
Version=1.0.4
Source=CRAN
Hash=ba98c576cd9106bc2f5a4cc42c42f863

[R/Package/pkgconfig]
Package=pkgconfig
Version=2.0.2
Source=CRAN
Hash=210f98df43a980ceead88427b5a3f629

[R/Package/pkgload]
Package=pkgload
Version=1.0.2
Source=CRAN
Hash=36ce9355bb0b10e1dc13319e4c9ccbb2

[R/Package/plm]
Package=plm
Version=2.1-0
Source=CRAN
Hash=121da8c23df45b519216d52f15fe8c8a

[R/Package/plogr]
Package=plogr
Version=0.2.0
Source=CRAN
Hash=c61d37182e7f06c0d587aa203487b400

[R/Package/plot3D]
Package=plot3D
Version=1.1.1
Source=CRAN
Hash=6473da6b85566e8fee69da81a6c1a776

[R/Package/plotly]
Package=plotly
Version=4.9.0
Source=CRAN
Hash=fcea486f20d4af89f78eb4e2e504206e

[R/Package/plotmo]
Package=plotmo
Version=3.5.5
Source=CRAN
Hash=aaf77a0fc5806b56ecc3b460c511f84e

[R/Package/plotrix]
Package=plotrix
Version=3.7-6
Source=CRAN
Hash=bd560e45096e5ee74295afd5fcd12136

[R/Package/pls]
Package=pls
Version=2.7-1
Source=CRAN
Hash=87f17dae286f55a6c69376e717da5e82

[R/Package/plyr]
Package=plyr
Version=1.8.4
Source=CRAN
Hash=10741ef740846fb36358ef97a1e165b6

[R/Package/praise]
Package=praise
Version=1.0.0
Source=CRAN
Hash=ae951d265e39edae12a065f1df18de91

[R/Package/prettyunits]
Package=prettyunits
Version=1.0.2
Source=CRAN
Hash=0acfa2bf224e49369bde27b7523aa660

[R/Package/processx]
Package=processx
Version=3.4.1
Source=CRAN
Hash=1bb1d4c17b5452416fc1f6151a1a47d5

[R/Package/prodlim]
Package=prodlim
Version=2018.04.18
Source=CRAN
Hash=95b3ffba4852d3a15611089074ee1496

[R/Package/progress]
Package=progress
Version=1.2.2
Source=CRAN
Hash=6dacbcc51f507005382b63c9dcaffed1

[R/Package/promises]
Package=promises
Version=1.0.1
Source=CRAN
Hash=fe0029f2ba52818c41d1990a814f34fa

[R/Package/ps]
Package=ps
Version=1.3.0
Source=CRAN
Hash=4e3748dcc2c7dc9aba1ef909f5115162

[R/Package/purrr]
Package=purrr
Version=0.3.2
Source=CRAN
Hash=ac87472161cfd12559f2c9fcd66813d0

[R/Package/randomForest]
Package=randomForest
Version=4.6-14
Source=CRAN
Hash=1aa8e2db52e857052ed63c5849e61161

[R/Package/rcmdcheck]
Package=rcmdcheck
Version=1.3.3
Source=CRAN
Hash=4a1875331885027f1928d7a0e639cb17

[R/Package/readr]
Package=readr
Version=1.3.1
Source=CRAN
Hash=4226ca436745de59b208aca06fbd8b2a

[R/Package/readxl]
Package=readxl
Version=1.3.1
Source=CRAN
Hash=d191cfd37ac5d1b04eec8ef5ebbcc66c

[R/Package/recipes]
Package=recipes
Version=0.1.6
Source=CRAN
Hash=4d0593d5ae985f15506623dc52f8d639

[R/Package/rematch]
Package=rematch
Version=1.0.1
Source=CRAN
Hash=68b96cf0beeb56d18fec3b831f7b754f

[R/Package/remotes]
Package=remotes
Version=2.1.0
Source=CRAN
Hash=386e6e8ebf7830e8765f9a73dcf7171d

[R/Package/reprex]
Package=reprex
Version=0.3.0
Source=CRAN
Hash=c104282370cf54b962b052939bb52efd

[R/Package/reshape2]
Package=reshape2
Version=1.4.3
Source=CRAN
Hash=036286e358984519ef02581be2bd92b8

[R/Package/rlang]
Package=rlang
Version=0.4.0
Source=CRAN
Hash=5ca99878f8172dc93d591c3fd56d1aee

[R/Package/rmarkdown]
Package=rmarkdown
Version=1.14
Source=CRAN
Hash=ad36a41b359c444aac03dea3c80bd619

[R/Package/robustbase]
Package=robustbase
Version=0.93-5
Source=CRAN
Hash=0e6e3b42c127045527f3685481d3ece4

[R/Package/roxygen2]
Package=roxygen2
Version=6.1.1
Source=CRAN
Hash=6884742f697d191a02fb58eaaabe6fab

[R/Package/rpart]
Package=rpart
Version=4.1-15
Source=CRAN
Hash=1a193befff417ecda456c99c54baafd2

[R/Package/rpart.plot]
Package=rpart.plot
Version=3.0.8
Source=CRAN
Hash=8122bce0c335f9732e3b5ed19c0659f7

[R/Package/rprojroot]
Package=rprojroot
Version=1.3-2
Source=CRAN
Hash=c7ae364c2def3efe51c32516d6077097

[R/Package/rstudioapi]
Package=rstudioapi
Version=0.10
Source=CRAN
Hash=0a9a57ac8bc27cafe9a3904deb2e267b

[R/Package/rvest]
Package=rvest
Version=0.3.4
Source=CRAN
Hash=5a4be171aa15de640120e6bb221c4bca

[R/Package/sandwich]
Package=sandwich
Version=2.5-1
Source=CRAN
Hash=f7a1ab96726fb968cc476f07ba27bc37

[R/Package/scales]
Package=scales
Version=1.0.0
Source=CRAN
Hash=4d8cef1c0d1d19b34469542ee0396904

[R/Package/selectr]
Package=selectr
Version=0.4-1
Source=CRAN
Hash=1fb5dfb3e338005d14339d1f89fbc15c

[R/Package/servr]
Package=servr
Version=0.15
Source=CRAN
Hash=49be1840efd7920dd126ee956db5b915

[R/Package/sessioninfo]
Package=sessioninfo
Version=1.1.1
Source=CRAN
Hash=ad55b0223db8d67c78b151b9e1045eef

[R/Package/shades]
Package=shades
Version=1.4.0
Source=CRAN
Hash=c06955ce17ab7fc4e5757de9f9f79698

[R/Package/shiny]
Package=shiny
Version=1.3.2
Source=CRAN
Hash=bcded080fc158802d604633be7e9d071

[R/Package/snow]
Package=snow
Version=0.4-3
Source=CRAN
Hash=2f7a7be16ce4825abefdea4dc0c9fea8

[R/Package/sourcetools]
Package=sourcetools
Version=0.1.7
Source=CRAN
Hash=4f191ca8ae69d8db79e2d116458a9b39

[R/Package/stargazer]
Package=stargazer
Version=5.2.2
Source=CRAN
Hash=5ebf145031aa7c8599b9b570de4e4b5d

[R/Package/stringi]
Package=stringi
Version=1.4.3
Source=CRAN
Hash=196830ccb8e4ff492b37062d19c3c9b1

[R/Package/stringr]
Package=stringr
Version=1.4.0
Source=CRAN
Hash=568b942ad8065463d9beb45c212e4089

[R/Package/survival]
Package=survival
Version=2.44-1.1
Source=CRAN
Hash=21f6ff555d096e5a2e11a4434ad1a41c

[R/Package/svMisc]
Package=svMisc
Version=1.1.0
Source=CRAN
Hash=d0eb5be4dea2a54756366522af8c8272

[R/Package/sys]
Package=sys
Version=3.2
Source=CRAN
Hash=b91e3f017e9ce0eeb4148096fadbf46e

[R/Package/testthat]
Package=testthat
Version=2.2.1
Source=CRAN
Hash=1d647ec2d7a6ff6a0107c69b2960c168

[R/Package/tibble]
Package=tibble
Version=2.1.3
Source=CRAN
Hash=503e7aee98597f5503a772673286a95f

[R/Package/tictoc]
Package=tictoc
Version=1.0
Source=CRAN
Hash=6f0a1371ec414cefb5b5ee2d9739d5ae

[R/Package/tidyr]
Package=tidyr
Version=0.8.3
Source=CRAN
Hash=fe1b84e373695dd4d335e5a5ede382a7

[R/Package/tidyselect]
Package=tidyselect
Version=0.2.5
Source=CRAN
Hash=cb4e7e81a360b877572804e9a6311375

[R/Package/tidyverse]
Package=tidyverse
Version=1.2.1
Source=CRAN
Hash=56192e1153cfe220a3213a1c2bd8a531

[R/Package/timeDate]
Package=timeDate
Version=3043.102
Source=CRAN
Hash=ba674bf9c35f8e845917eeb0c840fa4a

[R/Package/tinytex]
Package=tinytex
Version=0.15
Source=CRAN
Hash=8d58dc9b43d9aac21c78c5e5e62e42dc

[R/Package/tree]
Package=tree
Version=1.0-40
Source=CRAN
Hash=e5788f1a5d0378ab0af0c4b6e1f9e1d2

[R/Package/usethis]
Package=usethis
Version=1.5.1
Source=CRAN
Hash=8e1490412487e61b99890610f6c6c6ef

[R/Package/utf8]
Package=utf8
Version=1.1.4
Source=CRAN
Hash=dbacd54ef408a11a83b9c0558d897970

[R/Package/vctrs]
Package=vctrs
Version=0.2.0
Source=CRAN
Hash=7580bbbfbc822a6ae37db45c91aeaaa5

[R/Package/viridisLite]
Package=viridisLite
Version=0.3.0
Source=CRAN
Hash=73d2a08e725a82859b9a0633f017dd89

[R/Package/webshot]
Package=webshot
Version=0.5.1
Source=CRAN
Hash=b4216b37f5405f81076927b1fa15b83a

[R/Package/whisker]
Package=whisker
Version=0.3-2
Source=CRAN
Hash=4dbd79a7e9b8e2593c1402d68c9ee682

[R/Package/withr]
Package=withr
Version=2.1.2
Source=CRAN
Hash=95b4999c4a7610bbccfd3b5d37fbaf6b

[R/Package/xaringan]
Package=xaringan
Version=0.11
Source=CRAN
Hash=9b9b8f996be1b8a057355424325bd5b4

[R/Package/xfun]
Package=xfun
Version=0.8
Source=CRAN
Hash=1def9ced7cad0959be26ef51f718e501

[R/Package/xml2]
Package=xml2
Version=1.2.1
Source=CRAN
Hash=76bbf316d5057f11129b5d56a1c9aff0

[R/Package/xopen]
Package=xopen
Version=1.0.0
Source=CRAN
Hash=b23f3e15f7f9c459e727f79f2189d60b

[R/Package/xtable]
Package=xtable
Version=1.8-4
Source=CRAN
Hash=742aa6defce9a604d675b90812e1e588

[R/Package/yaml]
Package=yaml
Version=2.2.0
Source=CRAN
Hash=1cf8dfe48ca1f014d5bdad603950c414

[R/Package/zeallot]
Package=zeallot
Version=0.1.0
Source=CRAN
Hash=c73fb5ce649cdea435146265a0886df8

[R/Package/zoo]
Package=zoo
Version=1.8-6
Source=CRAN
Hash=fc7fbb5f296d526ee8bc499a91565458

